# generated by rye
# use `rye lock` or `rye sync` to update this lockfile
#
# last locked with the following flags:
#   pre: false
#   features: []
#   all-features: false
#   with-sources: false
#   generate-hashes: false

-e file:.
annotated-types==0.7.0
    # via pydantic
asgiref==3.8.1
    # via django
django==5.1
    # via django-ninja
django-ninja==1.3.0
    # via nginx-parser
factory-boy==3.3.1
faker==28.0.0
    # via factory-boy
iniconfig==2.0.0
    # via pytest
mypy==1.11.1
mypy-extensions==1.0.0
    # via mypy
packaging==24.1
    # via pytest
pluggy==1.5.0
    # via pytest
polars==1.5.0
    # via nginx-parser
psycopg==3.2.1
    # via nginx-parser
psycopg-binary==3.2.1
    # via psycopg
psycopg-c==3.2.1
    # via psycopg
psycopg-pool==3.2.2
    # via psycopg
pydantic==2.8.2
    # via django-ninja
    # via pydantic-settings
pydantic-core==2.20.1
    # via pydantic
pydantic-settings==2.4.0
    # via nginx-parser
pytest==8.3.2
    # via pytest-django
    # via pytest-mock
pytest-django==4.8.0
pytest-mock==3.14.0
python-dateutil==2.9.0.post0
    # via faker
python-dotenv==1.0.1
    # via pydantic-settings
ruff==0.6.2
six==1.16.0
    # via python-dateutil
sqlparse==0.5.1
    # via django
typing-extensions==4.12.2
    # via mypy
    # via psycopg
    # via psycopg-pool
    # via pydantic
    # via pydantic-core
